
Microsoft Visual Studio Solution File, Format Version 12.00
# Visual Studio Version 17
VisualStudioVersion = 17.8.34408.163
MinimumVisualStudioVersion = 10.0.40219.1
Project("{FAE04EC0-301F-11D3-BF4B-00C04F79EFBC}") = "MainBusinessApp", "MainBusinessApp.csproj", "{2127CEC7-7B04-405C-9EDD-5EC6F9F5E5E9}"
EndProject
Global
	GlobalSection(SolutionConfigurationPlatforms) = preSolution
		Debug|Any CPU = Debug|Any CPU
		Release|Any CPU = Release|Any CPU
	EndGlobalSection
	GlobalSection(ProjectConfigurationPlatforms) = postSolution
		{2127CEC7-7B04-405C-9EDD-5EC6F9F5E5E9}.Debug|Any CPU.ActiveCfg = Debug|Any CPU
		{2127CEC7-7B04-405C-9EDD-5EC6F9F5E5E9}.Debug|Any CPU.Build.0 = Debug|Any CPU
		{2127CEC7-7B04-405C-9EDD-5EC6F9F5E5E9}.Release|Any CPU.ActiveCfg = Release|Any CPU
		{2127CEC7-7B04-405C-9EDD-5EC6F9F5E5E9}.Release|Any CPU.Build.0 = Release|Any CPU
	EndGlobalSection
	GlobalSection(SolutionProperties) = preSolution
		HideSolutionNode = FALSE
	EndGlobalSection
	GlobalSection(ExtensibilityGlobals) = postSolution
		SolutionGuid = {144881C2-6B43-4C1C-B674-0C130328844C}
	EndGlobalSection
EndGlobal
